
Microsoft Visual Studio Solution File, Format Version 12.00
# Visual Studio Version 17
VisualStudioVersion = 17.2.32519.379
MinimumVisualStudioVersion = 10.0.40219.1
Project("{FAE04EC0-301F-11D3-BF4B-00C04F79EFBC}") = "RanWare_Demomot", "RanWare_Demomot\RanWare_Demomot.csproj", "{A47B6209-C368-4C6D-8E13-3CCB3C9D902D}"
EndProject
Global
	GlobalSection(SolutionConfigurationPlatforms) = preSolution
		Debug|Any CPU = Debug|Any CPU
		Release|Any CPU = Release|Any CPU
	EndGlobalSection
	GlobalSection(ProjectConfigurationPlatforms) = postSolution
		{A47B6209-C368-4C6D-8E13-3CCB3C9D902D}.Debug|Any CPU.ActiveCfg = Debug|Any CPU
		{A47B6209-C368-4C6D-8E13-3CCB3C9D902D}.Debug|Any CPU.Build.0 = Debug|Any CPU
		{A47B6209-C368-4C6D-8E13-3CCB3C9D902D}.Release|Any CPU.ActiveCfg = Release|Any CPU
		{A47B6209-C368-4C6D-8E13-3CCB3C9D902D}.Release|Any CPU.Build.0 = Release|Any CPU
	EndGlobalSection
	GlobalSection(SolutionProperties) = preSolution
		HideSolutionNode = FALSE
	EndGlobalSection
	GlobalSection(ExtensibilityGlobals) = postSolution
		SolutionGuid = {A9E77FAD-714E-437F-9523-50E72C3DC12B}
	EndGlobalSection
EndGlobal
